
Microsoft Visual Studio Solution File, Format Version 12.00
# Visual Studio Version 17
VisualStudioVersion = 17.1.32210.238
MinimumVisualStudioVersion = 10.0.40219.1
Project("{FAE04EC0-301F-11D3-BF4B-00C04F79EFBC}") = "Csharp-test", "Csharp-test\Csharp-test.csproj", "{1ACB2A46-7A59-49E3-80D0-7C6D023CBEBA}"
EndProject
Global
	GlobalSection(SolutionConfigurationPlatforms) = preSolution
		Debug|Any CPU = Debug|Any CPU
		Release|Any CPU = Release|Any CPU
	EndGlobalSection
	GlobalSection(ProjectConfigurationPlatforms) = postSolution
		{1ACB2A46-7A59-49E3-80D0-7C6D023CBEBA}.Debug|Any CPU.ActiveCfg = Debug|Any CPU
		{1ACB2A46-7A59-49E3-80D0-7C6D023CBEBA}.Debug|Any CPU.Build.0 = Debug|Any CPU
		{1ACB2A46-7A59-49E3-80D0-7C6D023CBEBA}.Release|Any CPU.ActiveCfg = Release|Any CPU
		{1ACB2A46-7A59-49E3-80D0-7C6D023CBEBA}.Release|Any CPU.Build.0 = Release|Any CPU
	EndGlobalSection
	GlobalSection(SolutionProperties) = preSolution
		HideSolutionNode = FALSE
	EndGlobalSection
	GlobalSection(ExtensibilityGlobals) = postSolution
		SolutionGuid = {488DC141-C3EE-4ED4-BDD2-84862B77D39D}
	EndGlobalSection
EndGlobal
